
Microsoft Visual Studio Solution File, Format Version 12.00
# Visual Studio 15
VisualStudioVersion = 15.0.28307.106
MinimumVisualStudioVersion = 10.0.40219.1
Project("{9A19103F-16F7-4668-BE54-9A1E7A4F7556}") = "DotSpatialExtensions", "DotSpatialExtensions\DotSpatialExtensions.csproj", "{8F032582-13C4-4817-A6B4-F477E5A68802}"
EndProject
Project("{9A19103F-16F7-4668-BE54-9A1E7A4F7556}") = "Db.Converters", "Db.Converters\Db.Converters.csproj", "{5E72DEBE-218A-4BCA-B6BE-F2BA27DE3C2E}"
EndProject
Project("{9A19103F-16F7-4668-BE54-9A1E7A4F7556}") = "Db.Controls", "Db.Controls\Db.Controls.csproj", "{CFC002E7-CA9C-416D-B4E1-F66C9DA87719}"
EndProject
Project("{9A19103F-16F7-4668-BE54-9A1E7A4F7556}") = "Db.Controls.Test", "Db.Controls.Test\Db.Controls.Test.csproj", "{BB6E9A92-0F0B-497A-89DA-7517AC0185B4}"
EndProject
Global
	GlobalSection(SolutionConfigurationPlatforms) = preSolution
		Debug|Any CPU = Debug|Any CPU
		Release|Any CPU = Release|Any CPU
	EndGlobalSection
	GlobalSection(ProjectConfigurationPlatforms) = postSolution
		{8F032582-13C4-4817-A6B4-F477E5A68802}.Debug|Any CPU.ActiveCfg = Debug|Any CPU
		{8F032582-13C4-4817-A6B4-F477E5A68802}.Debug|Any CPU.Build.0 = Debug|Any CPU
		{8F032582-13C4-4817-A6B4-F477E5A68802}.Release|Any CPU.ActiveCfg = Release|Any CPU
		{8F032582-13C4-4817-A6B4-F477E5A68802}.Release|Any CPU.Build.0 = Release|Any CPU
		{5E72DEBE-218A-4BCA-B6BE-F2BA27DE3C2E}.Debug|Any CPU.ActiveCfg = Debug|Any CPU
		{5E72DEBE-218A-4BCA-B6BE-F2BA27DE3C2E}.Debug|Any CPU.Build.0 = Debug|Any CPU
		{5E72DEBE-218A-4BCA-B6BE-F2BA27DE3C2E}.Release|Any CPU.ActiveCfg = Release|Any CPU
		{5E72DEBE-218A-4BCA-B6BE-F2BA27DE3C2E}.Release|Any CPU.Build.0 = Release|Any CPU
		{CFC002E7-CA9C-416D-B4E1-F66C9DA87719}.Debug|Any CPU.ActiveCfg = Debug|Any CPU
		{CFC002E7-CA9C-416D-B4E1-F66C9DA87719}.Debug|Any CPU.Build.0 = Debug|Any CPU
		{CFC002E7-CA9C-416D-B4E1-F66C9DA87719}.Release|Any CPU.ActiveCfg = Release|Any CPU
		{CFC002E7-CA9C-416D-B4E1-F66C9DA87719}.Release|Any CPU.Build.0 = Release|Any CPU
		{BB6E9A92-0F0B-497A-89DA-7517AC0185B4}.Debug|Any CPU.ActiveCfg = Debug|Any CPU
		{BB6E9A92-0F0B-497A-89DA-7517AC0185B4}.Debug|Any CPU.Build.0 = Debug|Any CPU
		{BB6E9A92-0F0B-497A-89DA-7517AC0185B4}.Release|Any CPU.ActiveCfg = Release|Any CPU
		{BB6E9A92-0F0B-497A-89DA-7517AC0185B4}.Release|Any CPU.Build.0 = Release|Any CPU
	EndGlobalSection
	GlobalSection(SolutionProperties) = preSolution
		HideSolutionNode = FALSE
	EndGlobalSection
	GlobalSection(ExtensibilityGlobals) = postSolution
		SolutionGuid = {879CA00B-908E-4EB2-8D55-9A6461EFF6E3}
	EndGlobalSection
EndGlobal
